{
  "name": "todo-code",
  "version": "1.0.0",
  "lockfileVersion": 3,
  "requires": true,
  "packages": {
    "": {
      "name": "todo-code",
      "version": "1.0.0",
      "license": "Apache-2.0",
      "devDependencies": {
        "rollup": "^3.20.6"
      }
    },
    "node_modules/fsevents": {
      "version": "2.3.2",
      "resolved": "https://registry.npmjs.org/fsevents/-/fsevents-2.3.2.tgz",
      "integrity": "sha512-xiqMQR4xAeHTuB9uWm+fFRcIOgKBMiOBP+eXiyT7jsgVCq1bkVygt00oASowB7EdtpOHaaPgKt812P9ab+DDKA==",
      "dev": true,
      "hasInstallScript": true,
      "optional": true,
      "os": [
        "darwin"
      ],
      "engines": {
        "node": "^8.16.0 || ^10.6.0 || >=11.0.0"
      }
    },
    "node_modules/rollup": {
      "version": "3.20.6",
      "resolved": "https://registry.npmjs.org/rollup/-/rollup-3.20.6.tgz",
      "integrity": "sha512-2yEB3nQXp/tBQDN0hJScJQheXdvU2wFhh6ld7K/aiZ1vYcak6N/BKjY1QrU6BvO2JWYS8bEs14FRaxXosxy2zw==",
      "dev": true,
      "bin": {
        "rollup": "dist/bin/rollup"
      },
      "engines": {
        "node": ">=14.18.0",
        "npm": ">=8.0.0"
      },
      "optionalDependencies": {
        "fsevents": "~2.3.2"
      }
    }
  }
}
